// !$*UTF8*$!
{
	archiveVersion = 1;
	classes = {
	};
	objectVersion = 46;
	objects = {

/* Begin PBXBuildFile section */
		923865E11F7B4BA700ABD2DF /* Assets.xcassets in Resources */ = {isa = PBXBuildFile; fileRef = 923865E01F7B4BA700ABD2DF /* Assets.xcassets */; };
		923865E41F7B4BA700ABD2DF /* LaunchScreen.storyboard in Resources */ = {isa = PBXBuildFile; fileRef = 923865E21F7B4BA700ABD2DF /* LaunchScreen.storyboard */; };
		923866041F7B951B00ABD2DF /* AppDelegate.m in Sources */ = {isa = PBXBuildFile; fileRef = 923865FE1F7B951B00ABD2DF /* AppDelegate.m */; };
		923866051F7B951B00ABD2DF /* main.m in Sources */ = {isa = PBXBuildFile; fileRef = 923865FF1F7B951B00ABD2DF /* main.m */; };
		923866071F7B954600ABD2DF /* Images.xcassets in Resources */ = {isa = PBXBuildFile; fileRef = 923866061F7B954600ABD2DF /* Images.xcassets */; };
		9238660A1F7B985E00ABD2DF /* BSEssenceViewController.m in Sources */ = {isa = PBXBuildFile; fileRef = 923866091F7B985E00ABD2DF /* BSEssenceViewController.m */; };
		9238660D1F7B987E00ABD2DF /* BSFriendTrendViewController.m in Sources */ = {isa = PBXBuildFile; fileRef = 9238660C1F7B987E00ABD2DF /* BSFriendTrendViewController.m */; };
		923866101F7B98A600ABD2DF /* BSNewPostViewController.m in Sources */ = {isa = PBXBuildFile; fileRef = 9238660F1F7B98A600ABD2DF /* BSNewPostViewController.m */; };
		923866131F7B98B700ABD2DF /* BSMineViewController.m in Sources */ = {isa = PBXBuildFile; fileRef = 923866121F7B98B700ABD2DF /* BSMineViewController.m */; };
		923866161F7B98ED00ABD2DF /* BSPublishViewController.m in Sources */ = {isa = PBXBuildFile; fileRef = 923866151F7B98ED00ABD2DF /* BSPublishViewController.m */; };
		9238661D1F7B9B1F00ABD2DF /* BSTabBarViewController.m in Sources */ = {isa = PBXBuildFile; fileRef = 9238661C1F7B9B1F00ABD2DF /* BSTabBarViewController.m */; };
		92CB53801F7E3FB60074709F /* UIImage+Catogory.m in Sources */ = {isa = PBXBuildFile; fileRef = 92CB537D1F7E3FB60074709F /* UIImage+Catogory.m */; };
		92CB53811F7E3FB60074709F /* UIView+Frame.m in Sources */ = {isa = PBXBuildFile; fileRef = 92CB537F1F7E3FB60074709F /* UIView+Frame.m */; };
		92CB53841F7E3FC30074709F /* UIColor+RandomColor.m in Sources */ = {isa = PBXBuildFile; fileRef = 92CB53831F7E3FC30074709F /* UIColor+RandomColor.m */; };
/* End PBXBuildFile section */

/* Begin PBXFileReference section */
		923865D11F7B4BA700ABD2DF /* BSBuDeJie.app */ = {isa = PBXFileReference; explicitFileType = wrapper.application; includeInIndex = 0; path = BSBuDeJie.app; sourceTree = BUILT_PRODUCTS_DIR; };
		923865E01F7B4BA700ABD2DF /* Assets.xcassets */ = {isa = PBXFileReference; lastKnownFileType = folder.assetcatalog; path = Assets.xcassets; sourceTree = "<group>"; };
		923865E31F7B4BA700ABD2DF /* Base */ = {isa = PBXFileReference; lastKnownFileType = file.storyboard; name = Base; path = Base.lproj/LaunchScreen.storyboard; sourceTree = "<group>"; };
		923865E51F7B4BA700ABD2DF /* Info.plist */ = {isa = PBXFileReference; lastKnownFileType = text.plist.xml; name = Info.plist; path = ../../Info.plist; sourceTree = "<group>"; };
		923865FD1F7B951B00ABD2DF /* AppDelegate.h */ = {isa = PBXFileReference; fileEncoding = 4; lastKnownFileType = sourcecode.c.h; path = AppDelegate.h; sourceTree = "<group>"; };
		923865FE1F7B951B00ABD2DF /* AppDelegate.m */ = {isa = PBXFileReference; fileEncoding = 4; lastKnownFileType = sourcecode.c.objc; path = AppDelegate.m; sourceTree = "<group>"; };
		923865FF1F7B951B00ABD2DF /* main.m */ = {isa = PBXFileReference; fileEncoding = 4; lastKnownFileType = sourcecode.c.objc; path = main.m; sourceTree = "<group>"; };
		923866061F7B954600ABD2DF /* Images.xcassets */ = {isa = PBXFileReference; lastKnownFileType = folder.assetcatalog; path = Images.xcassets; sourceTree = "<group>"; };
		923866081F7B985E00ABD2DF /* BSEssenceViewController.h */ = {isa = PBXFileReference; fileEncoding = 4; lastKnownFileType = sourcecode.c.h; path = BSEssenceViewController.h; sourceTree = "<group>"; };
		923866091F7B985E00ABD2DF /* BSEssenceViewController.m */ = {isa = PBXFileReference; fileEncoding = 4; lastKnownFileType = sourcecode.c.objc; path = BSEssenceViewController.m; sourceTree = "<group>"; };
		9238660B1F7B987E00ABD2DF /* BSFriendTrendViewController.h */ = {isa = PBXFileReference; fileEncoding = 4; lastKnownFileType = sourcecode.c.h; path = BSFriendTrendViewController.h; sourceTree = "<group>"; };
		9238660C1F7B987E00ABD2DF /* BSFriendTrendViewController.m */ = {isa = PBXFileReference; fileEncoding = 4; lastKnownFileType = sourcecode.c.objc; path = BSFriendTrendViewController.m; sourceTree = "<group>"; };
		9238660E1F7B98A600ABD2DF /* BSNewPostViewController.h */ = {isa = PBXFileReference; fileEncoding = 4; lastKnownFileType = sourcecode.c.h; path = BSNewPostViewController.h; sourceTree = "<group>"; };
		9238660F1F7B98A600ABD2DF /* BSNewPostViewController.m */ = {isa = PBXFileReference; fileEncoding = 4; lastKnownFileType = sourcecode.c.objc; path = BSNewPostViewController.m; sourceTree = "<group>"; };
		923866111F7B98B700ABD2DF /* BSMineViewController.h */ = {isa = PBXFileReference; fileEncoding = 4; lastKnownFileType = sourcecode.c.h; name = BSMineViewController.h; path = ../../NewPost/BSMineViewController.h; sourceTree = "<group>"; };
		923866121F7B98B700ABD2DF /* BSMineViewController.m */ = {isa = PBXFileReference; fileEncoding = 4; lastKnownFileType = sourcecode.c.objc; name = BSMineViewController.m; path = ../../NewPost/BSMineViewController.m; sourceTree = "<group>"; };
		923866141F7B98ED00ABD2DF /* BSPublishViewController.h */ = {isa = PBXFileReference; fileEncoding = 4; lastKnownFileType = sourcecode.c.h; path = BSPublishViewController.h; sourceTree = "<group>"; };
		923866151F7B98ED00ABD2DF /* BSPublishViewController.m */ = {isa = PBXFileReference; fileEncoding = 4; lastKnownFileType = sourcecode.c.objc; path = BSPublishViewController.m; sourceTree = "<group>"; };
		9238661B1F7B9B1F00ABD2DF /* BSTabBarViewController.h */ = {isa = PBXFileReference; fileEncoding = 4; lastKnownFileType = sourcecode.c.h; path = BSTabBarViewController.h; sourceTree = "<group>"; };
		9238661C1F7B9B1F00ABD2DF /* BSTabBarViewController.m */ = {isa = PBXFileReference; fileEncoding = 4; lastKnownFileType = sourcecode.c.objc; path = BSTabBarViewController.m; sourceTree = "<group>"; };
		92CB537C1F7E3FB60074709F /* UIImage+Catogory.h */ = {isa = PBXFileReference; fileEncoding = 4; lastKnownFileType = sourcecode.c.h; path = "UIImage+Catogory.h"; sourceTree = "<group>"; };
		92CB537D1F7E3FB60074709F /* UIImage+Catogory.m */ = {isa = PBXFileReference; fileEncoding = 4; lastKnownFileType = sourcecode.c.objc; path = "UIImage+Catogory.m"; sourceTree = "<group>"; };
		92CB537E1F7E3FB60074709F /* UIView+Frame.h */ = {isa = PBXFileReference; fileEncoding = 4; lastKnownFileType = sourcecode.c.h; path = "UIView+Frame.h"; sourceTree = "<group>"; };
		92CB537F1F7E3FB60074709F /* UIView+Frame.m */ = {isa = PBXFileReference; fileEncoding = 4; lastKnownFileType = sourcecode.c.objc; path = "UIView+Frame.m"; sourceTree = "<group>"; };
		92CB53821F7E3FC30074709F /* UIColor+RandomColor.h */ = {isa = PBXFileReference; fileEncoding = 4; lastKnownFileType = sourcecode.c.h; path = "UIColor+RandomColor.h"; sourceTree = "<group>"; };
		92CB53831F7E3FC30074709F /* UIColor+RandomColor.m */ = {isa = PBXFileReference; fileEncoding = 4; lastKnownFileType = sourcecode.c.objc; path = "UIColor+RandomColor.m"; sourceTree = "<group>"; };
/* End PBXFileReference section */

/* Begin PBXFrameworksBuildPhase section */
		923865CE1F7B4BA700ABD2DF /* Frameworks */ = {
			isa = PBXFrameworksBuildPhase;
			buildActionMask = 2147483647;
			files = (
			);
			runOnlyForDeploymentPostprocessing = 0;
		};
/* End PBXFrameworksBuildPhase section */

/* Begin PBXGroup section */
		923865C81F7B4BA700ABD2DF = {
			isa = PBXGroup;
			children = (
				923865D31F7B4BA700ABD2DF /* BSBuDeJie */,
				923865D21F7B4BA700ABD2DF /* Products */,
			);
			sourceTree = "<group>";
		};
		923865D21F7B4BA700ABD2DF /* Products */ = {
			isa = PBXGroup;
			children = (
				923865D11F7B4BA700ABD2DF /* BSBuDeJie.app */,
			);
			name = Products;
			sourceTree = "<group>";
		};
		923865D31F7B4BA700ABD2DF /* BSBuDeJie */ = {
			isa = PBXGroup;
			children = (
				923865EB1F7B951B00ABD2DF /* Classes */,
				923865E01F7B4BA700ABD2DF /* Assets.xcassets */,
				923865E21F7B4BA700ABD2DF /* LaunchScreen.storyboard */,
				923866061F7B954600ABD2DF /* Images.xcassets */,
			);
			path = BSBuDeJie;
			sourceTree = "<group>";
		};
		923865EB1F7B951B00ABD2DF /* Classes */ = {
			isa = PBXGroup;
			children = (
				923866171F7B9B0800ABD2DF /* TabBar */,
				923865EC1F7B951B00ABD2DF /* Essence */,
				923865F01F7B951B00ABD2DF /* FriendTrend */,
				923865F41F7B951B00ABD2DF /* Mine */,
				923865F81F7B951B00ABD2DF /* NewPost */,
				923866001F7B951B00ABD2DF /* Publish */,
				923865FC1F7B951B00ABD2DF /* Other */,
			);
			path = Classes;
			sourceTree = "<group>";
		};
		923865EC1F7B951B00ABD2DF /* Essence */ = {
			isa = PBXGroup;
			children = (
				923865ED1F7B951B00ABD2DF /* Controller */,
				923865EE1F7B951B00ABD2DF /* Model */,
				923865EF1F7B951B00ABD2DF /* View */,
			);
			path = Essence;
			sourceTree = "<group>";
		};
		923865ED1F7B951B00ABD2DF /* Controller */ = {
			isa = PBXGroup;
			children = (
				923866081F7B985E00ABD2DF /* BSEssenceViewController.h */,
				923866091F7B985E00ABD2DF /* BSEssenceViewController.m */,
			);
			path = Controller;
			sourceTree = "<group>";
		};
		923865EE1F7B951B00ABD2DF /* Model */ = {
			isa = PBXGroup;
			children = (
			);
			path = Model;
			sourceTree = "<group>";
		};
		923865EF1F7B951B00ABD2DF /* View */ = {
			isa = PBXGroup;
			children = (
			);
			path = View;
			sourceTree = "<group>";
		};
		923865F01F7B951B00ABD2DF /* FriendTrend */ = {
			isa = PBXGroup;
			children = (
				923865F11F7B951B00ABD2DF /* Controller */,
				923865F21F7B951B00ABD2DF /* Model */,
				923865F31F7B951B00ABD2DF /* View */,
			);
			path = FriendTrend;
			sourceTree = "<group>";
		};
		923865F11F7B951B00ABD2DF /* Controller */ = {
			isa = PBXGroup;
			children = (
				9238660B1F7B987E00ABD2DF /* BSFriendTrendViewController.h */,
				9238660C1F7B987E00ABD2DF /* BSFriendTrendViewController.m */,
			);
			path = Controller;
			sourceTree = "<group>";
		};
		923865F21F7B951B00ABD2DF /* Model */ = {
			isa = PBXGroup;
			children = (
			);
			path = Model;
			sourceTree = "<group>";
		};
		923865F31F7B951B00ABD2DF /* View */ = {
			isa = PBXGroup;
			children = (
			);
			path = View;
			sourceTree = "<group>";
		};
		923865F41F7B951B00ABD2DF /* Mine */ = {
			isa = PBXGroup;
			children = (
				923865F51F7B951B00ABD2DF /* Controller */,
				923865F61F7B951B00ABD2DF /* Model */,
				923865F71F7B951B00ABD2DF /* View */,
			);
			path = Mine;
			sourceTree = "<group>";
		};
		923865F51F7B951B00ABD2DF /* Controller */ = {
			isa = PBXGroup;
			children = (
				923866111F7B98B700ABD2DF /* BSMineViewController.h */,
				923866121F7B98B700ABD2DF /* BSMineViewController.m */,
			);
			path = Controller;
			sourceTree = "<group>";
		};
		923865F61F7B951B00ABD2DF /* Model */ = {
			isa = PBXGroup;
			children = (
			);
			path = Model;
			sourceTree = "<group>";
		};
		923865F71F7B951B00ABD2DF /* View */ = {
			isa = PBXGroup;
			children = (
			);
			path = View;
			sourceTree = "<group>";
		};
		923865F81F7B951B00ABD2DF /* NewPost */ = {
			isa = PBXGroup;
			children = (
				923865F91F7B951B00ABD2DF /* Controller */,
				923865FA1F7B951B00ABD2DF /* Model */,
				923865FB1F7B951B00ABD2DF /* View */,
			);
			path = NewPost;
			sourceTree = "<group>";
		};
		923865F91F7B951B00ABD2DF /* Controller */ = {
			isa = PBXGroup;
			children = (
				9238660E1F7B98A600ABD2DF /* BSNewPostViewController.h */,
				9238660F1F7B98A600ABD2DF /* BSNewPostViewController.m */,
			);
			path = Controller;
			sourceTree = "<group>";
		};
		923865FA1F7B951B00ABD2DF /* Model */ = {
			isa = PBXGroup;
			children = (
			);
			path = Model;
			sourceTree = "<group>";
		};
		923865FB1F7B951B00ABD2DF /* View */ = {
			isa = PBXGroup;
			children = (
			);
			path = View;
			sourceTree = "<group>";
		};
		923865FC1F7B951B00ABD2DF /* Other */ = {
			isa = PBXGroup;
			children = (
				92CB53771F7E3C830074709F /* category */,
				92CB53781F7E3C830074709F /* Tools */,
				923865FD1F7B951B00ABD2DF /* AppDelegate.h */,
				923865FE1F7B951B00ABD2DF /* AppDelegate.m */,
				923865FF1F7B951B00ABD2DF /* main.m */,
				923865E51F7B4BA700ABD2DF /* Info.plist */,
			);
			path = Other;
			sourceTree = "<group>";
		};
		923866001F7B951B00ABD2DF /* Publish */ = {
			isa = PBXGroup;
			children = (
				923866011F7B951B00ABD2DF /* Controller */,
				923866021F7B951B00ABD2DF /* Model */,
				923866031F7B951B00ABD2DF /* View */,
			);
			path = Publish;
			sourceTree = "<group>";
		};
		923866011F7B951B00ABD2DF /* Controller */ = {
			isa = PBXGroup;
			children = (
				923866141F7B98ED00ABD2DF /* BSPublishViewController.h */,
				923866151F7B98ED00ABD2DF /* BSPublishViewController.m */,
			);
			path = Controller;
			sourceTree = "<group>";
		};
		923866021F7B951B00ABD2DF /* Model */ = {
			isa = PBXGroup;
			children = (
			);
			path = Model;
			sourceTree = "<group>";
		};
		923866031F7B951B00ABD2DF /* View */ = {
			isa = PBXGroup;
			children = (
			);
			path = View;
			sourceTree = "<group>";
		};
		923866171F7B9B0800ABD2DF /* TabBar */ = {
			isa = PBXGroup;
			children = (
				923866181F7B9B0800ABD2DF /* Controller */,
				923866191F7B9B0800ABD2DF /* Model */,
				9238661A1F7B9B0800ABD2DF /* View */,
			);
			path = TabBar;
			sourceTree = "<group>";
		};
		923866181F7B9B0800ABD2DF /* Controller */ = {
			isa = PBXGroup;
			children = (
				9238661B1F7B9B1F00ABD2DF /* BSTabBarViewController.h */,
				9238661C1F7B9B1F00ABD2DF /* BSTabBarViewController.m */,
			);
			path = Controller;
			sourceTree = "<group>";
		};
		923866191F7B9B0800ABD2DF /* Model */ = {
			isa = PBXGroup;
			children = (
			);
			path = Model;
			sourceTree = "<group>";
		};
		9238661A1F7B9B0800ABD2DF /* View */ = {
			isa = PBXGroup;
			children = (
			);
			path = View;
			sourceTree = "<group>";
		};
		92CB53771F7E3C830074709F /* category */ = {
			isa = PBXGroup;
			children = (
				92CB537C1F7E3FB60074709F /* UIImage+Catogory.h */,
				92CB537D1F7E3FB60074709F /* UIImage+Catogory.m */,
				92CB537E1F7E3FB60074709F /* UIView+Frame.h */,
				92CB537F1F7E3FB60074709F /* UIView+Frame.m */,
				92CB53821F7E3FC30074709F /* UIColor+RandomColor.h */,
				92CB53831F7E3FC30074709F /* UIColor+RandomColor.m */,
			);
			path = category;
			sourceTree = "<group>";
		};
		92CB53781F7E3C830074709F /* Tools */ = {
			isa = PBXGroup;
			children = (
			);
			path = Tools;
			sourceTree = "<group>";
		};
/* End PBXGroup section */

/* Begin PBXNativeTarget section */
		923865D01F7B4BA700ABD2DF /* BSBuDeJie */ = {
			isa = PBXNativeTarget;
			buildConfigurationList = 923865E81F7B4BA700ABD2DF /* Build configuration list for PBXNativeTarget "BSBuDeJie" */;
			buildPhases = (
				923865CD1F7B4BA700ABD2DF /* Sources */,
				923865CE1F7B4BA700ABD2DF /* Frameworks */,
				923865CF1F7B4BA700ABD2DF /* Resources */,
			);
			buildRules = (
			);
			dependencies = (
			);
			name = BSBuDeJie;
			productName = BSBuDeJie;
			productReference = 923865D11F7B4BA700ABD2DF /* BSBuDeJie.app */;
			productType = "com.apple.product-type.application";
		};
/* End PBXNativeTarget section */

/* Begin PBXProject section */
		923865C91F7B4BA700ABD2DF /* Project object */ = {
			isa = PBXProject;
			attributes = {
				CLASSPREFIX = BS;
				LastUpgradeCheck = 0830;
				ORGANIZATIONNAME = Dobby;
				TargetAttributes = {
					923865D01F7B4BA700ABD2DF = {
						CreatedOnToolsVersion = 8.3.2;
						DevelopmentTeam = A4C37KA7MA;
						ProvisioningStyle = Automatic;
					};
				};
			};
			buildConfigurationList = 923865CC1F7B4BA700ABD2DF /* Build configuration list for PBXProject "BSBuDeJie" */;
			compatibilityVersion = "Xcode 3.2";
			developmentRegion = English;
			hasScannedForEncodings = 0;
			knownRegions = (
				en,
				Base,
			);
			mainGroup = 923865C81F7B4BA700ABD2DF;
			productRefGroup = 923865D21F7B4BA700ABD2DF /* Products */;
			projectDirPath = "";
			projectRoot = "";
			targets = (
				923865D01F7B4BA700ABD2DF /* BSBuDeJie */,
			);
		};
/* End PBXProject section */

/* Begin PBXResourcesBuildPhase section */
		923865CF1F7B4BA700ABD2DF /* Resources */ = {
			isa = PBXResourcesBuildPhase;
			buildActionMask = 2147483647;
			files = (
				923866071F7B954600ABD2DF /* Images.xcassets in Resources */,
				923865E41F7B4BA700ABD2DF /* LaunchScreen.storyboard in Resources */,
				923865E11F7B4BA700ABD2DF /* Assets.xcassets in Resources */,
			);
			runOnlyForDeploymentPostprocessing = 0;
		};
/* End PBXResourcesBuildPhase section */

/* Begin PBXSourcesBuildPhase section */
		923865CD1F7B4BA700ABD2DF /* Sources */ = {
			isa = PBXSourcesBuildPhase;
			buildActionMask = 2147483647;
			files = (
				923866051F7B951B00ABD2DF /* main.m in Sources */,
				9238660D1F7B987E00ABD2DF /* BSFriendTrendViewController.m in Sources */,
				92CB53841F7E3FC30074709F /* UIColor+RandomColor.m in Sources */,
				923866161F7B98ED00ABD2DF /* BSPublishViewController.m in Sources */,
				9238661D1F7B9B1F00ABD2DF /* BSTabBarViewController.m in Sources */,
				923866041F7B951B00ABD2DF /* AppDelegate.m in Sources */,
				9238660A1F7B985E00ABD2DF /* BSEssenceViewController.m in Sources */,
				92CB53801F7E3FB60074709F /* UIImage+Catogory.m in Sources */,
				923866131F7B98B700ABD2DF /* BSMineViewController.m in Sources */,
				923866101F7B98A600ABD2DF /* BSNewPostViewController.m in Sources */,
				92CB53811F7E3FB60074709F /* UIView+Frame.m in Sources */,
			);
			runOnlyForDeploymentPostprocessing = 0;
		};
/* End PBXSourcesBuildPhase section */

/* Begin PBXVariantGroup section */
		923865E21F7B4BA700ABD2DF /* LaunchScreen.storyboard */ = {
			isa = PBXVariantGroup;
			children = (
				923865E31F7B4BA700ABD2DF /* Base */,
			);
			name = LaunchScreen.storyboard;
			sourceTree = "<group>";
		};
/* End PBXVariantGroup section */

/* Begin XCBuildConfiguration section */
		923865E61F7B4BA700ABD2DF /* Debug */ = {
			isa = XCBuildConfiguration;
			buildSettings = {
				ALWAYS_SEARCH_USER_PATHS = NO;
				CLANG_ANALYZER_NONNULL = YES;
				CLANG_ANALYZER_NUMBER_OBJECT_CONVERSION = YES_AGGRESSIVE;
				CLANG_CXX_LANGUAGE_STANDARD = "gnu++0x";
				CLANG_CXX_LIBRARY = "libc++";
				CLANG_ENABLE_MODULES = YES;
				CLANG_ENABLE_OBJC_ARC = YES;
				CLANG_WARN_BOOL_CONVERSION = YES;
				CLANG_WARN_CONSTANT_CONVERSION = YES;
				CLANG_WARN_DIRECT_OBJC_ISA_USAGE = YES_ERROR;
				CLANG_WARN_DOCUMENTATION_COMMENTS = YES;
				CLANG_WARN_EMPTY_BODY = YES;
				CLANG_WARN_ENUM_CONVERSION = YES;
				CLANG_WARN_INFINITE_RECURSION = YES;
				CLANG_WARN_INT_CONVERSION = YES;
				CLANG_WARN_OBJC_ROOT_CLASS = YES_ERROR;
				CLANG_WARN_SUSPICIOUS_MOVE = YES;
				CLANG_WARN_UNREACHABLE_CODE = YES;
				CLANG_WARN__DUPLICATE_METHOD_MATCH = YES;
				"CODE_SIGN_IDENTITY[sdk=iphoneos*]" = "iPhone Developer";
				COPY_PHASE_STRIP = NO;
				DEBUG_INFORMATION_FORMAT = dwarf;
				ENABLE_STRICT_OBJC_MSGSEND = YES;
				ENABLE_TESTABILITY = YES;
				GCC_C_LANGUAGE_STANDARD = gnu99;
				GCC_DYNAMIC_NO_PIC = NO;
				GCC_NO_COMMON_BLOCKS = YES;
				GCC_OPTIMIZATION_LEVEL = 0;
				GCC_PREPROCESSOR_DEFINITIONS = (
					"DEBUG=1",
					"$(inherited)",
				);
				GCC_WARN_64_TO_32_BIT_CONVERSION = YES;
				GCC_WARN_ABOUT_RETURN_TYPE = YES_ERROR;
				GCC_WARN_UNDECLARED_SELECTOR = YES;
				GCC_WARN_UNINITIALIZED_AUTOS = YES_AGGRESSIVE;
				GCC_WARN_UNUSED_FUNCTION = YES;
				GCC_WARN_UNUSED_VARIABLE = YES;
				IPHONEOS_DEPLOYMENT_TARGET = 10.3;
				MTL_ENABLE_DEBUG_INFO = YES;
				ONLY_ACTIVE_ARCH = YES;
				SDKROOT = iphoneos;
			};
			name = Debug;
		};
		923865E71F7B4BA700ABD2DF /* Release */ = {
			isa = XCBuildConfiguration;
			buildSettings = {
				ALWAYS_SEARCH_USER_PATHS = NO;
				CLANG_ANALYZER_NONNULL = YES;
				CLANG_ANALYZER_NUMBER_OBJECT_CONVERSION = YES_AGGRESSIVE;
				CLANG_CXX_LANGUAGE_STANDARD = "gnu++0x";
				CLANG_CXX_LIBRARY = "libc++";
				CLANG_ENABLE_MODULES = YES;
				CLANG_ENABLE_OBJC_ARC = YES;
				CLANG_WARN_BOOL_CONVERSION = YES;
				CLANG_WARN_CONSTANT_CONVERSION = YES;
				CLANG_WARN_DIRECT_OBJC_ISA_USAGE = YES_ERROR;
				CLANG_WARN_DOCUMENTATION_COMMENTS = YES;
				CLANG_WARN_EMPTY_BODY = YES;
				CLANG_WARN_ENUM_CONVERSION = YES;
				CLANG_WARN_INFINITE_RECURSION = YES;
				CLANG_WARN_INT_CONVERSION = YES;
				CLANG_WARN_OBJC_ROOT_CLASS = YES_ERROR;
				CLANG_WARN_SUSPICIOUS_MOVE = YES;
				CLANG_WARN_UNREACHABLE_CODE = YES;
				CLANG_WARN__DUPLICATE_METHOD_MATCH = YES;
				"CODE_SIGN_IDENTITY[sdk=iphoneos*]" = "iPhone Developer";
				COPY_PHASE_STRIP = NO;
				DEBUG_INFORMATION_FORMAT = "dwarf-with-dsym";
				ENABLE_NS_ASSERTIONS = NO;
				ENABLE_STRICT_OBJC_MSGSEND = YES;
				GCC_C_LANGUAGE_STANDARD = gnu99;
				GCC_NO_COMMON_BLOCKS = YES;
				GCC_WARN_64_TO_32_BIT_CONVERSION = YES;
				GCC_WARN_ABOUT_RETURN_TYPE = YES_ERROR;
				GCC_WARN_UNDECLARED_SELECTOR = YES;
				GCC_WARN_UNINITIALIZED_AUTOS = YES_AGGRESSIVE;
				GCC_WARN_UNUSED_FUNCTION = YES;
				GCC_WARN_UNUSED_VARIABLE = YES;
				IPHONEOS_DEPLOYMENT_TARGET = 10.3;
				MTL_ENABLE_DEBUG_INFO = NO;
				SDKROOT = iphoneos;
				VALIDATE_PRODUCT = YES;
			};
			name = Release;
		};
		923865E91F7B4BA700ABD2DF /* Debug */ = {
			isa = XCBuildConfiguration;
			buildSettings = {
				ASSETCATALOG_COMPILER_APPICON_NAME = AppIcon;
				ASSETCATALOG_COMPILER_LAUNCHIMAGE_NAME = LaunchImage;
				DEVELOPMENT_TEAM = A4C37KA7MA;
				INFOPLIST_FILE = BSBuDeJie/Info.plist;
				LD_RUNPATH_SEARCH_PATHS = "$(inherited) @executable_path/Frameworks";
				PRODUCT_BUNDLE_IDENTIFIER = com.dobby.BSBuDeJie;
				PRODUCT_NAME = "$(TARGET_NAME)";
			};
			name = Debug;
		};
		923865EA1F7B4BA700ABD2DF /* Release */ = {
			isa = XCBuildConfiguration;
			buildSettings = {
				ASSETCATALOG_COMPILER_APPICON_NAME = AppIcon;
				ASSETCATALOG_COMPILER_LAUNCHIMAGE_NAME = LaunchImage;
				DEVELOPMENT_TEAM = A4C37KA7MA;
				INFOPLIST_FILE = BSBuDeJie/Info.plist;
				LD_RUNPATH_SEARCH_PATHS = "$(inherited) @executable_path/Frameworks";
				PRODUCT_BUNDLE_IDENTIFIER = com.dobby.BSBuDeJie;
				PRODUCT_NAME = "$(TARGET_NAME)";
			};
			name = Release;
		};
/* End XCBuildConfiguration section */

/* Begin XCConfigurationList section */
		923865CC1F7B4BA700ABD2DF /* Build configuration list for PBXProject "BSBuDeJie" */ = {
			isa = XCConfigurationList;
			buildConfigurations = (
				923865E61F7B4BA700ABD2DF /* Debug */,
				923865E71F7B4BA700ABD2DF /* Release */,
			);
			defaultConfigurationIsVisible = 0;
			defaultConfigurationName = Release;
		};
		923865E81F7B4BA700ABD2DF /* Build configuration list for PBXNativeTarget "BSBuDeJie" */ = {
			isa = XCConfigurationList;
			buildConfigurations = (
				923865E91F7B4BA700ABD2DF /* Debug */,
				923865EA1F7B4BA700ABD2DF /* Release */,
			);
			defaultConfigurationIsVisible = 0;
			defaultConfigurationName = Release;
		};
/* End XCConfigurationList section */
	};
	rootObject = 923865C91F7B4BA700ABD2DF /* Project object */;
}
